
Microsoft Visual Studio Solution File, Format Version 12.00
# Visual Studio Version 17
VisualStudioVersion = 17.9.34701.34
MinimumVisualStudioVersion = 10.0.40219.1
Project("{FAE04EC0-301F-11D3-BF4B-00C04F79EFBC}") = "rest", "rest.csproj", "{1D0B6116-C527-4D06-989F-FC8ACA0C3FBB}"
EndProject
Global
	GlobalSection(SolutionConfigurationPlatforms) = preSolution
		Debug|Any CPU = Debug|Any CPU
		Release|Any CPU = Release|Any CPU
	EndGlobalSection
	GlobalSection(ProjectConfigurationPlatforms) = postSolution
		{1D0B6116-C527-4D06-989F-FC8ACA0C3FBB}.Debug|Any CPU.ActiveCfg = Debug|Any CPU
		{1D0B6116-C527-4D06-989F-FC8ACA0C3FBB}.Debug|Any CPU.Build.0 = Debug|Any CPU
		{1D0B6116-C527-4D06-989F-FC8ACA0C3FBB}.Release|Any CPU.ActiveCfg = Release|Any CPU
		{1D0B6116-C527-4D06-989F-FC8ACA0C3FBB}.Release|Any CPU.Build.0 = Release|Any CPU
	EndGlobalSection
	GlobalSection(SolutionProperties) = preSolution
		HideSolutionNode = FALSE
	EndGlobalSection
	GlobalSection(ExtensibilityGlobals) = postSolution
		SolutionGuid = {881ED111-8DCE-4D02-AA9A-19C0C0D75B45}
	EndGlobalSection
EndGlobal
